
Microsoft Visual Studio Solution File, Format Version 12.00
# Visual Studio Version 17
VisualStudioVersion = 17.12.35707.178
MinimumVisualStudioVersion = 10.0.40219.1
Project("{FAE04EC0-301F-11D3-BF4B-00C04F79EFBC}") = "WPFUI", "WPFUI\WPFUI.csproj", "{616E9806-D760-4195-845E-4E52D34E93BB}"
EndProject
Project("{FAE04EC0-301F-11D3-BF4B-00C04F79EFBC}") = "Engine", "Engine\Engine.csproj", "{7A1619CD-4587-445B-A224-3708BAD382CD}"
EndProject
Project("{FAE04EC0-301F-11D3-BF4B-00C04F79EFBC}") = "TestEngine", "TestEngine\TestEngine.csproj", "{F9CABEC6-B7A5-4E8B-BEB5-30EFA5F23C65}"
EndProject
Global
	GlobalSection(SolutionConfigurationPlatforms) = preSolution
		Debug|Any CPU = Debug|Any CPU
		Release|Any CPU = Release|Any CPU
	EndGlobalSection
	GlobalSection(ProjectConfigurationPlatforms) = postSolution
		{616E9806-D760-4195-845E-4E52D34E93BB}.Debug|Any CPU.ActiveCfg = Debug|Any CPU
		{616E9806-D760-4195-845E-4E52D34E93BB}.Debug|Any CPU.Build.0 = Debug|Any CPU
		{616E9806-D760-4195-845E-4E52D34E93BB}.Release|Any CPU.ActiveCfg = Release|Any CPU
		{616E9806-D760-4195-845E-4E52D34E93BB}.Release|Any CPU.Build.0 = Release|Any CPU
		{7A1619CD-4587-445B-A224-3708BAD382CD}.Debug|Any CPU.ActiveCfg = Debug|Any CPU
		{7A1619CD-4587-445B-A224-3708BAD382CD}.Debug|Any CPU.Build.0 = Debug|Any CPU
		{7A1619CD-4587-445B-A224-3708BAD382CD}.Release|Any CPU.ActiveCfg = Release|Any CPU
		{7A1619CD-4587-445B-A224-3708BAD382CD}.Release|Any CPU.Build.0 = Release|Any CPU
		{F9CABEC6-B7A5-4E8B-BEB5-30EFA5F23C65}.Debug|Any CPU.ActiveCfg = Debug|Any CPU
		{F9CABEC6-B7A5-4E8B-BEB5-30EFA5F23C65}.Debug|Any CPU.Build.0 = Debug|Any CPU
		{F9CABEC6-B7A5-4E8B-BEB5-30EFA5F23C65}.Release|Any CPU.ActiveCfg = Release|Any CPU
		{F9CABEC6-B7A5-4E8B-BEB5-30EFA5F23C65}.Release|Any CPU.Build.0 = Release|Any CPU
	EndGlobalSection
	GlobalSection(SolutionProperties) = preSolution
		HideSolutionNode = FALSE
	EndGlobalSection
EndGlobal
